
Microsoft Visual Studio Solution File, Format Version 10.00
# Visual Studio 2008
Project("{8BC9CEB8-8B4A-11D0-8D11-00A0C91BC942}") = "T01FWIN", "T01FWIN.vcproj", "{FE0948E9-A9E2-4B5C-8419-A0D94047C05D}"
EndProject
Global
	GlobalSection(SolutionConfigurationPlatforms) = preSolution
		Debug|Win32 = Debug|Win32
		Release|Win32 = Release|Win32
	EndGlobalSection
	GlobalSection(ProjectConfigurationPlatforms) = postSolution
		{FE0948E9-A9E2-4B5C-8419-A0D94047C05D}.Debug|Win32.ActiveCfg = Debug|Win32
		{FE0948E9-A9E2-4B5C-8419-A0D94047C05D}.Debug|Win32.Build.0 = Debug|Win32
		{FE0948E9-A9E2-4B5C-8419-A0D94047C05D}.Release|Win32.ActiveCfg = Release|Win32
		{FE0948E9-A9E2-4B5C-8419-A0D94047C05D}.Release|Win32.Build.0 = Release|Win32
	EndGlobalSection
	GlobalSection(SolutionProperties) = preSolution
		HideSolutionNode = FALSE
	EndGlobalSection
EndGlobal
